
Microsoft Visual Studio Solution File, Format Version 12.00
# Visual Studio Version 17
VisualStudioVersion = 17.11.35312.102
MinimumVisualStudioVersion = 10.0.40219.1
Project("{FAE04EC0-301F-11D3-BF4B-00C04F79EFBC}") = "BT3_LinQ", "BT3_LinQ\BT3_LinQ.csproj", "{31F45630-BD8D-4193-8223-B10540817DD6}"
EndProject
Global
	GlobalSection(SolutionConfigurationPlatforms) = preSolution
		Debug|Any CPU = Debug|Any CPU
		Release|Any CPU = Release|Any CPU
	EndGlobalSection
	GlobalSection(ProjectConfigurationPlatforms) = postSolution
		{31F45630-BD8D-4193-8223-B10540817DD6}.Debug|Any CPU.ActiveCfg = Debug|Any CPU
		{31F45630-BD8D-4193-8223-B10540817DD6}.Debug|Any CPU.Build.0 = Debug|Any CPU
		{31F45630-BD8D-4193-8223-B10540817DD6}.Release|Any CPU.ActiveCfg = Release|Any CPU
		{31F45630-BD8D-4193-8223-B10540817DD6}.Release|Any CPU.Build.0 = Release|Any CPU
	EndGlobalSection
	GlobalSection(SolutionProperties) = preSolution
		HideSolutionNode = FALSE
	EndGlobalSection
	GlobalSection(ExtensibilityGlobals) = postSolution
		SolutionGuid = {C42712A4-C3ED-4415-9D4D-F72E08AE0994}
	EndGlobalSection
EndGlobal
